{
  "originHash" : "d22ffb5ef890ef15040fb0ae71e71eab7de8bdfe3e2c06b9cbdb74ea8f5305f3",
  "pins" : [
    {
      "identity" : "embedkit",
      "kind" : "remoteSourceControl",
      "location" : "https://github.com/gifton/EmbedKit.git",
      "state" : {
        "revision" : "2e8f31024fdf42fa7d8d2ca3a65b908ea79cbc53",
        "version" : "0.2.8"
      }
    },
    {
      "identity" : "onnxruntime-swift-package-manager",
      "kind" : "remoteSourceControl",
      "location" : "https://github.com/microsoft/onnxruntime-swift-package-manager",
      "state" : {
        "revision" : "12ce7374c86944e1f68f3a866d10105d8357f074",
        "version" : "1.20.0"
      }
    },
    {
      "identity" : "swift-log",
      "kind" : "remoteSourceControl",
      "location" : "https://github.com/apple/swift-log.git",
      "state" : {
        "revision" : "bc386b95f2a16ccd0150a8235e7c69eab2b866ca",
        "version" : "1.8.0"
      }
    },
    {
      "identity" : "vectoraccelerate",
      "kind" : "remoteSourceControl",
      "location" : "https://github.com/gifton/VectorAccelerate.git",
      "state" : {
        "revision" : "b0cafb4de2f9e28f85df0bbea37b9726d5b50cab",
        "version" : "0.3.3"
      }
    },
    {
      "identity" : "vectorcore",
      "kind" : "remoteSourceControl",
      "location" : "https://github.com/gifton/VectorCore",
      "state" : {
        "revision" : "506d3d2adc893fe1d24513b329568a6b834f20bc",
        "version" : "0.1.6"
      }
    }
  ],
  "version" : 3
}
